
Microsoft Visual Studio Solution File, Format Version 12.00
# Visual Studio Version 17
VisualStudioVersion = 17.1.32228.430
MinimumVisualStudioVersion = 10.0.40219.1
Project("{9A19103F-16F7-4668-BE54-9A1E7A4F7556}") = "BuilderGenerator", "src\BuilderGenerator\BuilderGenerator.csproj", "{91D03F70-86EC-483C-B114-DBFE507B3DB7}"
EndProject
Project("{9A19103F-16F7-4668-BE54-9A1E7A4F7556}") = "BuilderDemo", "src\BuilderDemo\BuilderDemo.csproj", "{E7C676CA-95DF-4A3B-ADB8-628B1B405D83}"
EndProject
Project("{2150E333-8FDC-42A3-9474-1A3956D46DE8}") = "tests", "tests", "{C896E9E3-F379-44E2-917C-2F668B2C7DC4}"
EndProject
Project("{9A19103F-16F7-4668-BE54-9A1E7A4F7556}") = "BuilderGenerator.Tests", "tests\BuilderGenerator.Tests\BuilderGenerator.Tests.csproj", "{116D87B9-CE7F-4203-BF07-535885C2F453}"
EndProject
Project("{2150E333-8FDC-42A3-9474-1A3956D46DE8}") = "src", "src", "{D918EF31-7B71-411D-B3C6-8F7DDB84551C}"
EndProject
Global
	GlobalSection(SolutionConfigurationPlatforms) = preSolution
		Debug|Any CPU = Debug|Any CPU
		Release|Any CPU = Release|Any CPU
	EndGlobalSection
	GlobalSection(ProjectConfigurationPlatforms) = postSolution
		{91D03F70-86EC-483C-B114-DBFE507B3DB7}.Debug|Any CPU.ActiveCfg = Debug|Any CPU
		{91D03F70-86EC-483C-B114-DBFE507B3DB7}.Debug|Any CPU.Build.0 = Debug|Any CPU
		{91D03F70-86EC-483C-B114-DBFE507B3DB7}.Release|Any CPU.ActiveCfg = Release|Any CPU
		{91D03F70-86EC-483C-B114-DBFE507B3DB7}.Release|Any CPU.Build.0 = Release|Any CPU
		{E7C676CA-95DF-4A3B-ADB8-628B1B405D83}.Debug|Any CPU.ActiveCfg = Debug|Any CPU
		{E7C676CA-95DF-4A3B-ADB8-628B1B405D83}.Debug|Any CPU.Build.0 = Debug|Any CPU
		{E7C676CA-95DF-4A3B-ADB8-628B1B405D83}.Release|Any CPU.ActiveCfg = Release|Any CPU
		{E7C676CA-95DF-4A3B-ADB8-628B1B405D83}.Release|Any CPU.Build.0 = Release|Any CPU
		{116D87B9-CE7F-4203-BF07-535885C2F453}.Debug|Any CPU.ActiveCfg = Debug|Any CPU
		{116D87B9-CE7F-4203-BF07-535885C2F453}.Debug|Any CPU.Build.0 = Debug|Any CPU
		{116D87B9-CE7F-4203-BF07-535885C2F453}.Release|Any CPU.ActiveCfg = Release|Any CPU
		{116D87B9-CE7F-4203-BF07-535885C2F453}.Release|Any CPU.Build.0 = Release|Any CPU
	EndGlobalSection
	GlobalSection(SolutionProperties) = preSolution
		HideSolutionNode = FALSE
	EndGlobalSection
	GlobalSection(NestedProjects) = preSolution
		{91D03F70-86EC-483C-B114-DBFE507B3DB7} = {D918EF31-7B71-411D-B3C6-8F7DDB84551C}
		{E7C676CA-95DF-4A3B-ADB8-628B1B405D83} = {D918EF31-7B71-411D-B3C6-8F7DDB84551C}
		{116D87B9-CE7F-4203-BF07-535885C2F453} = {C896E9E3-F379-44E2-917C-2F668B2C7DC4}
	EndGlobalSection
	GlobalSection(ExtensibilityGlobals) = postSolution
		SolutionGuid = {717CBFC6-D305-40BD-A9F8-CF70CD0CCF61}
	EndGlobalSection
EndGlobal
