{
  "version": 1,
  "dependencies": {
    "net7.0": {
      "coverlet.collector": {
        "type": "Direct",
        "requested": "[6.0.0, )",
        "resolved": "6.0.0",
        "contentHash": "tW3lsNS+dAEII6YGUX/VMoJjBS1QvsxqJeqLaJXub08y1FSjasFPtQ4UBUsudE9PNrzLjooClMsPtY2cZLdXpQ=="
      },
      "GitHubActionsTestLogger": {
        "type": "Direct",
        "requested": "[2.3.3, )",
        "resolved": "2.3.3",
        "contentHash": "9mBfuOIUmZ3dnL/hYaENh/eGKC6r3ufwo2rEkWJVDDj2UUGuu59GsMezYkV3bj/wZ8rcgzDIr1fj/wXh1yklQA==",
        "dependencies": {
          "Microsoft.TestPlatform.ObjectModel": "17.7.1"
        }
      },
      "Microsoft.CodeAnalysis.Analyzers": {
        "type": "Direct",
        "requested": "[3.3.4, )",
        "resolved": "3.3.4",
        "contentHash": "AxkxcPR+rheX0SmvpLVIGLhOUXAKG56a64kV9VQZ4y9gR9ZmPXnqZvHJnmwLSwzrEP6junUF11vuc+aqo5r68g=="
      },
      "Microsoft.CodeAnalysis.CSharp": {
        "type": "Direct",
        "requested": "[4.7.0, )",
        "resolved": "4.7.0",
        "contentHash": "JHCP2L6lB0oJ3tQoHkC67SFZxW+KbJVOnAo+6L01K5r/NlBlSUhTk5nUAldWhTVwGdzqNeHqGtnEqpsCmGSwQA==",
        "dependencies": {
          "Microsoft.CodeAnalysis.Common": "[4.7.0]"
        }
      },
      "Microsoft.NET.Test.Sdk": {
        "type": "Direct",
        "requested": "[17.7.2, )",
        "resolved": "17.7.2",
        "contentHash": "WOSF/GUYcnrLGkdvCbXDRig2rShtBwfQc5l7IxQE6PZI3CeXAqF1SpyzwlGA5vw+MdEAXs3niy+ZkGBBWna6tw==",
        "dependencies": {
          "Microsoft.CodeCoverage": "17.7.2",
          "Microsoft.TestPlatform.TestHost": "17.7.2"
        }
      },
      "NUnit": {
        "type": "Direct",
        "requested": "[3.13.3, )",
        "resolved": "3.13.3",
        "contentHash": "KNPDpls6EfHwC3+nnA67fh5wpxeLb3VLFAfLxrug6JMYDLHH6InaQIWR7Sc3y75d/9IKzMksH/gi08W7XWbmnQ==",
        "dependencies": {
          "NETStandard.Library": "2.0.0"
        }
      },
      "NUnit3TestAdapter": {
        "type": "Direct",
        "requested": "[4.5.0, )",
        "resolved": "4.5.0",
        "contentHash": "s8JpqTe9bI2f49Pfr3dFRfoVSuFQyraTj68c3XXjIS/MRGvvkLnrg6RLqnTjdShX+AdFUCCU/4Xex58AdUfs6A=="
      },
      "ReflectionAnalyzers": {
        "type": "Direct",
        "requested": "[0.3.1, )",
        "resolved": "0.3.1",
        "contentHash": "Q7N3nziye+vGsDPcrKrPFjlaFhrM+1adtJcpjFeq4ufBB+uKc4kRezSK03382xpE8iNQbiRHUl+z31NW0W18FQ=="
      },
      "Verify.NUnit": {
        "type": "Direct",
        "requested": "[21.1.1, )",
        "resolved": "21.1.1",
        "contentHash": "Vn1nTVcpG8euv13MYQl9KYpeqrZLLzw9qBcVkPuE/eC13o0CLbHjmXr9y1m0A5P6CrER0HlBJr4v4gGGK6pfng==",
        "dependencies": {
          "EmptyFiles": "4.5.0",
          "NUnit": "3.13.3",
          "Verify": "21.1.1"
        }
      },
      "Verify.SourceGenerators": {
        "type": "Direct",
        "requested": "[2.1.0, )",
        "resolved": "2.1.0",
        "contentHash": "idAqfeip6tkBSbuxw8YxJgRD9SrxoY1pahpRN619NIEpArw4UbsQUpjvency3FD+JpBhi3Fr3iUisb4v0EggYg==",
        "dependencies": {
          "Argon": "0.3.3",
          "Verify": "19.9.2"
        }
      },
      "Argon": {
        "type": "Transitive",
        "resolved": "0.9.0",
        "contentHash": "ctMKe0AEy2HmXvNQZhAo5IyVfaZGMmnwh2xRUhK+8DAH+0nG0+GNpe1N2NqIJJfR6RhIUOiRsA/1svU/Y4h8PA=="
      },
      "DiffEngine": {
        "type": "Transitive",
        "resolved": "12.2.1",
        "contentHash": "vFnI/YI5t7TG2gR/DZUiBluD9F0mQ7m9p2oW9O/pYzAui5Sngsp92W2KzM2PRlgXV2+utSpd+WCkkhx21ilq+w==",
        "dependencies": {
          "EmptyFiles": "4.5.0",
          "System.Management": "6.0.2"
        }
      },
      "EmptyFiles": {
        "type": "Transitive",
        "resolved": "4.5.0",
        "contentHash": "utFjtKV+vPFPuOwSap9SH98RvdFGPW/xLlIkquj8qDQ+91P8P5V3+71in/lM0iSIYaeIDVhMFEOmxOxdSQf6Aw=="
      },
      "Microsoft.CodeAnalysis.Common": {
        "type": "Transitive",
        "resolved": "4.7.0",
        "contentHash": "pD5S14xMUebSGYe75kt0q/aaS/ftvktSo/pEv7aX7hNPHfdZS+SZeXvkvcffGxWkunYOyRF9m1oN7zzSdYj9dQ==",
        "dependencies": {
          "Microsoft.CodeAnalysis.Analyzers": "3.3.4",
          "System.Collections.Immutable": "7.0.0",
          "System.Reflection.Metadata": "7.0.0",
          "System.Runtime.CompilerServices.Unsafe": "6.0.0"
        }
      },
      "Microsoft.CodeCoverage": {
        "type": "Transitive",
        "resolved": "17.7.2",
        "contentHash": "ntbkwIqwszkfCRjxVZOyEQiHauiYsY9NtYjw9ASsoxDSiG8YtV6AGcOAwrAk3TZv2UOq4MrpX+3MYEeMHSb03w=="
      },
      "Microsoft.NETCore.Platforms": {
        "type": "Transitive",
        "resolved": "1.1.0",
        "contentHash": "kz0PEW2lhqygehI/d6XsPCQzD7ff7gUJaVGPVETX611eadGsA3A877GdSlU0LRVMCTH/+P3o2iDTak+S08V2+A=="
      },
      "Microsoft.TestPlatform.ObjectModel": {
        "type": "Transitive",
        "resolved": "17.7.2",
        "contentHash": "aHzQWgDMVBnk39HhQVmn06w+YxzF1h2V5/M4WgrNQAn7q97GR4Si3vLRTDlmJo9nK/Nknce+H4tXx4gqOKyLeg==",
        "dependencies": {
          "NuGet.Frameworks": "6.5.0",
          "System.Reflection.Metadata": "1.6.0"
        }
      },
      "Microsoft.TestPlatform.TestHost": {
        "type": "Transitive",
        "resolved": "17.7.2",
        "contentHash": "pv9yVD7IKPLJV28zYjLsWFiM3j506I2ye+6NquG8vsbm/gR7lgyig8IgY6Vo57VMvGaAKwtUECzcj+C5tH271Q==",
        "dependencies": {
          "Microsoft.TestPlatform.ObjectModel": "17.7.2",
          "Newtonsoft.Json": "13.0.1"
        }
      },
      "NETStandard.Library": {
        "type": "Transitive",
        "resolved": "2.0.0",
        "contentHash": "7jnbRU+L08FXKMxqUflxEXtVymWvNOrS8yHgu9s6EM8Anr6T/wIX4nZ08j/u3Asz+tCufp3YVwFSEvFTPYmBPA==",
        "dependencies": {
          "Microsoft.NETCore.Platforms": "1.1.0"
        }
      },
      "Newtonsoft.Json": {
        "type": "Transitive",
        "resolved": "13.0.1",
        "contentHash": "ppPFpBcvxdsfUonNcvITKqLl3bqxWbDCZIzDWHzjpdAHRFfZe0Dw9HmA0+za13IdyrgJwpkDTDA9fHaxOrt20A=="
      },
      "NuGet.Frameworks": {
        "type": "Transitive",
        "resolved": "6.5.0",
        "contentHash": "QWINE2x3MbTODsWT1Gh71GaGb5icBz4chS8VYvTgsBnsi8esgN6wtHhydd7fvToWECYGq7T4cgBBDiKD/363fg=="
      },
      "SimpleInfoName": {
        "type": "Transitive",
        "resolved": "2.1.1",
        "contentHash": "0FkAdjkNjtEdSCt2/b6z5gd971bmTCXhRHqi8kH5Z/gV/XV/LmKeHrUmnBZffhPH91LUyaw3pzmQROTs4zNfGw=="
      },
      "System.CodeDom": {
        "type": "Transitive",
        "resolved": "6.0.0",
        "contentHash": "CPc6tWO1LAer3IzfZufDBRL+UZQcj5uS207NHALQzP84Vp/z6wF0Aa0YZImOQY8iStY0A2zI/e3ihKNPfUm8XA=="
      },
      "System.Collections.Immutable": {
        "type": "Transitive",
        "resolved": "7.0.0",
        "contentHash": "dQPcs0U1IKnBdRDBkrCTi1FoajSTBzLcVTpjO4MBCMC7f4pDOIPzgBoX8JjG7X6uZRJ8EBxsi8+DR1JuwjnzOQ=="
      },
      "System.IO.Hashing": {
        "type": "Transitive",
        "resolved": "7.0.0",
        "contentHash": "sDnWM0N3AMCa86LrKTWeF3BZLD2sgWyYUc7HL6z4+xyDZNQRwzmxbo4qP2rX2MqC+Sy1/gOSRDah5ltxY5jPxw=="
      },
      "System.Management": {
        "type": "Transitive",
        "resolved": "6.0.2",
        "contentHash": "s6c9x2Kghd+ncEDnT6ApYVOacDXr/Y57oSUSx6wjegMOfKxhtrXn3PdASPNU59y3kB9OJ1yb3l5k6uKr3bhqew==",
        "dependencies": {
          "System.CodeDom": "6.0.0"
        }
      },
      "System.Reflection.Metadata": {
        "type": "Transitive",
        "resolved": "7.0.0",
        "contentHash": "MclTG61lsD9sYdpNz9xsKBzjsmsfCtcMZYXz/IUr2zlhaTaABonlr1ESeompTgM+Xk+IwtGYU7/voh3YWB/fWw==",
        "dependencies": {
          "System.Collections.Immutable": "7.0.0"
        }
      },
      "System.Runtime.CompilerServices.Unsafe": {
        "type": "Transitive",
        "resolved": "6.0.0",
        "contentHash": "/iUeP3tq1S0XdNNoMz5C9twLSrM/TH+qElHkXWaPvuNOt+99G75NrV0OS2EqHx5wMN7popYjpc8oTjC1y16DLg=="
      },
      "Verify": {
        "type": "Transitive",
        "resolved": "21.1.1",
        "contentHash": "Sv6qKyLxslPV8rsLCuqaXZGY0+hROHXRIiKa3/PGHWu9EvHdFZ0sklSl+eht1ZyJV/ZI/D2elec5LiIXWfpYnQ==",
        "dependencies": {
          "Argon": "0.9.0",
          "DiffEngine": "12.2.1",
          "EmptyFiles": "4.5.0",
          "SimpleInfoName": "2.1.1",
          "System.IO.Hashing": "7.0.0"
        }
      },
      "buildergenerator": {
        "type": "Project"
      }
    }
  }
}